
Microsoft Visual Studio Solution File, Format Version 12.00
# Visual Studio 2017
Project("{FAE04EC0-301F-11D3-BF4B-00C04F79EFBC}") = "RatRace", "RatRace.csproj", "{4FF9D4C8-1C68-5A3E-6DD6-2F1D8D92D5CA}"
EndProject
Global
	GlobalSection(SolutionConfigurationPlatforms) = preSolution
		Debug|Any CPU = Debug|Any CPU
		Release|Any CPU = Release|Any CPU
	EndGlobalSection
	GlobalSection(ProjectConfigurationPlatforms) = postSolution
		{4FF9D4C8-1C68-5A3E-6DD6-2F1D8D92D5CA}.Debug|Any CPU.ActiveCfg = Debug|Any CPU
		{4FF9D4C8-1C68-5A3E-6DD6-2F1D8D92D5CA}.Debug|Any CPU.Build.0 = Debug|Any CPU
		{4FF9D4C8-1C68-5A3E-6DD6-2F1D8D92D5CA}.Release|Any CPU.ActiveCfg = Release|Any CPU
		{4FF9D4C8-1C68-5A3E-6DD6-2F1D8D92D5CA}.Release|Any CPU.Build.0 = Release|Any CPU
	EndGlobalSection
	GlobalSection(SolutionProperties) = preSolution
		HideSolutionNode = FALSE
	EndGlobalSection
EndGlobal
